
Microsoft Visual Studio Solution File, Format Version 12.00
# Visual Studio Version 17
VisualStudioVersion = 17.0.31903.59
MinimumVisualStudioVersion = 10.0.40219.1
Project("{2150E333-8FDC-42A3-9474-1A3956D46DE8}") = "src", "src", "{827E0CD3-B72D-47B6-A68D-7590B98EB39B}"
EndProject
Project("{FAE04EC0-301F-11D3-BF4B-00C04F79EFBC}") = "NSwag4SignalR", "src\NSwag4SignalR\NSwag4SignalR.csproj", "{5A8D7185-72DE-49FB-8E38-8A931414934B}"
EndProject
Project("{FAE04EC0-301F-11D3-BF4B-00C04F79EFBC}") = "NSwag4SignalR.Example", "src\NSwag4SignalR.Example\NSwag4SignalR.Example.csproj", "{AD35CCF7-CD6B-463E-A12E-EAD55D268110}"
EndProject
Global
	GlobalSection(SolutionConfigurationPlatforms) = preSolution
		Debug|Any CPU = Debug|Any CPU
		Debug|x64 = Debug|x64
		Debug|x86 = Debug|x86
		Release|Any CPU = Release|Any CPU
		Release|x64 = Release|x64
		Release|x86 = Release|x86
	EndGlobalSection
	GlobalSection(ProjectConfigurationPlatforms) = postSolution
		{5A8D7185-72DE-49FB-8E38-8A931414934B}.Debug|Any CPU.ActiveCfg = Debug|Any CPU
		{5A8D7185-72DE-49FB-8E38-8A931414934B}.Debug|Any CPU.Build.0 = Debug|Any CPU
		{5A8D7185-72DE-49FB-8E38-8A931414934B}.Debug|x64.ActiveCfg = Debug|Any CPU
		{5A8D7185-72DE-49FB-8E38-8A931414934B}.Debug|x64.Build.0 = Debug|Any CPU
		{5A8D7185-72DE-49FB-8E38-8A931414934B}.Debug|x86.ActiveCfg = Debug|Any CPU
		{5A8D7185-72DE-49FB-8E38-8A931414934B}.Debug|x86.Build.0 = Debug|Any CPU
		{5A8D7185-72DE-49FB-8E38-8A931414934B}.Release|Any CPU.ActiveCfg = Release|Any CPU
		{5A8D7185-72DE-49FB-8E38-8A931414934B}.Release|Any CPU.Build.0 = Release|Any CPU
		{5A8D7185-72DE-49FB-8E38-8A931414934B}.Release|x64.ActiveCfg = Release|Any CPU
		{5A8D7185-72DE-49FB-8E38-8A931414934B}.Release|x64.Build.0 = Release|Any CPU
		{5A8D7185-72DE-49FB-8E38-8A931414934B}.Release|x86.ActiveCfg = Release|Any CPU
		{5A8D7185-72DE-49FB-8E38-8A931414934B}.Release|x86.Build.0 = Release|Any CPU
		{AD35CCF7-CD6B-463E-A12E-EAD55D268110}.Debug|Any CPU.ActiveCfg = Debug|Any CPU
		{AD35CCF7-CD6B-463E-A12E-EAD55D268110}.Debug|Any CPU.Build.0 = Debug|Any CPU
		{AD35CCF7-CD6B-463E-A12E-EAD55D268110}.Debug|x64.ActiveCfg = Debug|Any CPU
		{AD35CCF7-CD6B-463E-A12E-EAD55D268110}.Debug|x64.Build.0 = Debug|Any CPU
		{AD35CCF7-CD6B-463E-A12E-EAD55D268110}.Debug|x86.ActiveCfg = Debug|Any CPU
		{AD35CCF7-CD6B-463E-A12E-EAD55D268110}.Debug|x86.Build.0 = Debug|Any CPU
		{AD35CCF7-CD6B-463E-A12E-EAD55D268110}.Release|Any CPU.ActiveCfg = Release|Any CPU
		{AD35CCF7-CD6B-463E-A12E-EAD55D268110}.Release|Any CPU.Build.0 = Release|Any CPU
		{AD35CCF7-CD6B-463E-A12E-EAD55D268110}.Release|x64.ActiveCfg = Release|Any CPU
		{AD35CCF7-CD6B-463E-A12E-EAD55D268110}.Release|x64.Build.0 = Release|Any CPU
		{AD35CCF7-CD6B-463E-A12E-EAD55D268110}.Release|x86.ActiveCfg = Release|Any CPU
		{AD35CCF7-CD6B-463E-A12E-EAD55D268110}.Release|x86.Build.0 = Release|Any CPU
	EndGlobalSection
	GlobalSection(SolutionProperties) = preSolution
		HideSolutionNode = FALSE
	EndGlobalSection
	GlobalSection(NestedProjects) = preSolution
		{5A8D7185-72DE-49FB-8E38-8A931414934B} = {827E0CD3-B72D-47B6-A68D-7590B98EB39B}
		{AD35CCF7-CD6B-463E-A12E-EAD55D268110} = {827E0CD3-B72D-47B6-A68D-7590B98EB39B}
	EndGlobalSection
EndGlobal
